
Microsoft Visual Studio Solution File, Format Version 12.00
# Visual Studio Version 16
VisualStudioVersion = 16.0.30011.22
MinimumVisualStudioVersion = 10.0.40219.1
Project("{888888A0-9F3D-457C-B088-3A5042F75D52}") = "MiNPwA_Spr2", "MiNPwA_Spr2\MiNPwA_Spr2.pyproj", "{004AC549-9BAD-4C07-B090-04F7664EE917}"
EndProject
Global
	GlobalSection(SolutionConfigurationPlatforms) = preSolution
		Debug|Any CPU = Debug|Any CPU
		Release|Any CPU = Release|Any CPU
	EndGlobalSection
	GlobalSection(ProjectConfigurationPlatforms) = postSolution
		{004AC549-9BAD-4C07-B090-04F7664EE917}.Debug|Any CPU.ActiveCfg = Debug|Any CPU
		{004AC549-9BAD-4C07-B090-04F7664EE917}.Release|Any CPU.ActiveCfg = Release|Any CPU
	EndGlobalSection
	GlobalSection(SolutionProperties) = preSolution
		HideSolutionNode = FALSE
	EndGlobalSection
	GlobalSection(ExtensibilityGlobals) = postSolution
		SolutionGuid = {93B86118-401B-457F-B35D-3300E117A525}
	EndGlobalSection
EndGlobal
